
Microsoft Visual Studio Solution File, Format Version 12.00
# Visual Studio 15
VisualStudioVersion = 15.0.28307.705
MinimumVisualStudioVersion = 10.0.40219.1
Project("{FAE04EC0-301F-11D3-BF4B-00C04F79EFBC}") = "CRUDByApi", "CRUDByApi\CRUDByApi.csproj", "{632EA314-8787-4ACB-BA62-30FD7F39BB07}"
EndProject
Project("{FAE04EC0-301F-11D3-BF4B-00C04F79EFBC}") = "businessLogicalLayer", "businessLogicalLayer\businessLogicalLayer.csproj", "{20A7860C-198D-4359-B972-9C69FBF121B5}"
EndProject
Project("{FAE04EC0-301F-11D3-BF4B-00C04F79EFBC}") = "DALlayer", "DALlayer\DALlayer.csproj", "{3A16A91B-6262-4A3C-937F-AC23E4A56F0A}"
EndProject
Global
	GlobalSection(SolutionConfigurationPlatforms) = preSolution
		Debug|Any CPU = Debug|Any CPU
		Release|Any CPU = Release|Any CPU
	EndGlobalSection
	GlobalSection(ProjectConfigurationPlatforms) = postSolution
		{632EA314-8787-4ACB-BA62-30FD7F39BB07}.Debug|Any CPU.ActiveCfg = Debug|Any CPU
		{632EA314-8787-4ACB-BA62-30FD7F39BB07}.Debug|Any CPU.Build.0 = Debug|Any CPU
		{632EA314-8787-4ACB-BA62-30FD7F39BB07}.Release|Any CPU.ActiveCfg = Release|Any CPU
		{632EA314-8787-4ACB-BA62-30FD7F39BB07}.Release|Any CPU.Build.0 = Release|Any CPU
		{20A7860C-198D-4359-B972-9C69FBF121B5}.Debug|Any CPU.ActiveCfg = Debug|Any CPU
		{20A7860C-198D-4359-B972-9C69FBF121B5}.Debug|Any CPU.Build.0 = Debug|Any CPU
		{20A7860C-198D-4359-B972-9C69FBF121B5}.Release|Any CPU.ActiveCfg = Release|Any CPU
		{20A7860C-198D-4359-B972-9C69FBF121B5}.Release|Any CPU.Build.0 = Release|Any CPU
		{3A16A91B-6262-4A3C-937F-AC23E4A56F0A}.Debug|Any CPU.ActiveCfg = Debug|Any CPU
		{3A16A91B-6262-4A3C-937F-AC23E4A56F0A}.Debug|Any CPU.Build.0 = Debug|Any CPU
		{3A16A91B-6262-4A3C-937F-AC23E4A56F0A}.Release|Any CPU.ActiveCfg = Release|Any CPU
		{3A16A91B-6262-4A3C-937F-AC23E4A56F0A}.Release|Any CPU.Build.0 = Release|Any CPU
	EndGlobalSection
	GlobalSection(SolutionProperties) = preSolution
		HideSolutionNode = FALSE
	EndGlobalSection
	GlobalSection(ExtensibilityGlobals) = postSolution
		SolutionGuid = {B24FDC3F-A181-43C7-BA14-AAA0A16D8247}
	EndGlobalSection
EndGlobal
